// !$*UTF8*$!
{
	archiveVersion = 1;
	classes = {
	};
	objectVersion = 56;
	objects = {

/* Begin PBXBuildFile section */
		0318FCBF803BCA8297DB0213 /* Pods_PortfolioTests.framework in Frameworks */ = {isa = PBXBuildFile; fileRef = EA83785FAF54137A9752DBB6 /* Pods_PortfolioTests.framework */; };
		17504D4E5F946785218333A5 /* Pods_Portfolio_PortfolioUITests.framework in Frameworks */ = {isa = PBXBuildFile; fileRef = 5CEC6CE77CB127AEA3F2E159 /* Pods_Portfolio_PortfolioUITests.framework */; };
		8AF73B5E03BC91E818103902 /* Pods_Portfolio.framework in Frameworks */ = {isa = PBXBuildFile; fileRef = D837901C46336E39E533C0C8 /* Pods_Portfolio.framework */; };
		F8A56DCA2C53800B00111E08 /* AppDelegate.swift in Sources */ = {isa = PBXBuildFile; fileRef = F8A56DC92C53800B00111E08 /* AppDelegate.swift */; };
		F8A56DCC2C53800B00111E08 /* SceneDelegate.swift in Sources */ = {isa = PBXBuildFile; fileRef = F8A56DCB2C53800B00111E08 /* SceneDelegate.swift */; };
		F8A56DCE2C53800B00111E08 /* CoinListViewController.swift in Sources */ = {isa = PBXBuildFile; fileRef = F8A56DCD2C53800B00111E08 /* CoinListViewController.swift */; };
		F8A56DD42C53800B00111E08 /* Portfolio.xcdatamodeld in Sources */ = {isa = PBXBuildFile; fileRef = F8A56DD22C53800B00111E08 /* Portfolio.xcdatamodeld */; };
		F8A56DD62C53800C00111E08 /* Assets.xcassets in Resources */ = {isa = PBXBuildFile; fileRef = F8A56DD52C53800C00111E08 /* Assets.xcassets */; };
		F8A56DE42C53800C00111E08 /* PortfolioTests.swift in Sources */ = {isa = PBXBuildFile; fileRef = F8A56DE32C53800C00111E08 /* PortfolioTests.swift */; };
		F8A56E222C5383D300111E08 /* CoinListItem.swift in Sources */ = {isa = PBXBuildFile; fileRef = F8A56E212C5383D300111E08 /* CoinListItem.swift */; };
		F8A56E242C53842B00111E08 /* CoinListUsecase.swift in Sources */ = {isa = PBXBuildFile; fileRef = F8A56E232C53842B00111E08 /* CoinListUsecase.swift */; };
		F8A56E282C53848700111E08 /* NetworkError.swift in Sources */ = {isa = PBXBuildFile; fileRef = F8A56E272C53848700111E08 /* NetworkError.swift */; };
		F8A56E2A2C53849E00111E08 /* CoreDataError.swift in Sources */ = {isa = PBXBuildFile; fileRef = F8A56E292C53849E00111E08 /* CoreDataError.swift */; };
		F8A56E2D2C53850F00111E08 /* CoinListRepositoryProtocol.swift in Sources */ = {isa = PBXBuildFile; fileRef = F8A56E2C2C53850F00111E08 /* CoinListRepositoryProtocol.swift */; };
		F8A56E312C53857600111E08 /* NetworkManager.swift in Sources */ = {isa = PBXBuildFile; fileRef = F8A56E302C53857600111E08 /* NetworkManager.swift */; };
		F8A56E332C53871500111E08 /* CoinListNetwork.swift in Sources */ = {isa = PBXBuildFile; fileRef = F8A56E322C53871500111E08 /* CoinListNetwork.swift */; };
		F8A56E362C5387FC00111E08 /* CoinListRepository.swift in Sources */ = {isa = PBXBuildFile; fileRef = F8A56E352C5387FC00111E08 /* CoinListRepository.swift */; };
		F8A56E392C53889900111E08 /* CoinListCoreData.swift in Sources */ = {isa = PBXBuildFile; fileRef = F8A56E382C53889900111E08 /* CoinListCoreData.swift */; };
		F8A56E3B2C5388D600111E08 /* CoreDataManager.swift in Sources */ = {isa = PBXBuildFile; fileRef = F8A56E3A2C5388D600111E08 /* CoreDataManager.swift */; };
		F8CF378B2C53F3BB00233AAB /* CoinListViewModel.swift in Sources */ = {isa = PBXBuildFile; fileRef = F8CF378A2C53F3BB00233AAB /* CoinListViewModel.swift */; };
		F8CF378E2C53F6F100233AAB /* SearchTextField.swift in Sources */ = {isa = PBXBuildFile; fileRef = F8CF378D2C53F6F100233AAB /* SearchTextField.swift */; };
		F8CF37B42C53FCE900233AAB /* NetworkResponse.swift in Sources */ = {isa = PBXBuildFile; fileRef = F8CF37B32C53FCE900233AAB /* NetworkResponse.swift */; };
		F8CF37B72C5401F500233AAB /* SortType.swift in Sources */ = {isa = PBXBuildFile; fileRef = F8CF37B62C5401F500233AAB /* SortType.swift */; };
		F8CF37B92C54028C00233AAB /* TabButtonView.swift in Sources */ = {isa = PBXBuildFile; fileRef = F8CF37B82C54028C00233AAB /* TabButtonView.swift */; };
/* End PBXBuildFile section */

/* Begin PBXContainerItemProxy section */
		F8A56DE02C53800C00111E08 /* PBXContainerItemProxy */ = {
			isa = PBXContainerItemProxy;
			containerPortal = F8A56DBE2C53800B00111E08 /* Project object */;
			proxyType = 1;
			remoteGlobalIDString = F8A56DC52C53800B00111E08;
			remoteInfo = Portfolio;
		};
		F8A56DEA2C53800C00111E08 /* PBXContainerItemProxy */ = {
			isa = PBXContainerItemProxy;
			containerPortal = F8A56DBE2C53800B00111E08 /* Project object */;
			proxyType = 1;
			remoteGlobalIDString = F8A56DC52C53800B00111E08;
			remoteInfo = Portfolio;
		};
/* End PBXContainerItemProxy section */

/* Begin PBXFileReference section */
		5CEC6CE77CB127AEA3F2E159 /* Pods_Portfolio_PortfolioUITests.framework */ = {isa = PBXFileReference; explicitFileType = wrapper.framework; includeInIndex = 0; path = Pods_Portfolio_PortfolioUITests.framework; sourceTree = BUILT_PRODUCTS_DIR; };
		6992EC77A47EF78A0030428D /* Pods-Portfolio.debug.xcconfig */ = {isa = PBXFileReference; includeInIndex = 1; lastKnownFileType = text.xcconfig; name = "Pods-Portfolio.debug.xcconfig"; path = "Target Support Files/Pods-Portfolio/Pods-Portfolio.debug.xcconfig"; sourceTree = "<group>"; };
		917767681A69E1587C51BA98 /* Pods-PortfolioTests.debug.xcconfig */ = {isa = PBXFileReference; includeInIndex = 1; lastKnownFileType = text.xcconfig; name = "Pods-PortfolioTests.debug.xcconfig"; path = "Target Support Files/Pods-PortfolioTests/Pods-PortfolioTests.debug.xcconfig"; sourceTree = "<group>"; };
		B1BAF92744C3CD5CEB7492DB /* Pods-PortfolioTests.release.xcconfig */ = {isa = PBXFileReference; includeInIndex = 1; lastKnownFileType = text.xcconfig; name = "Pods-PortfolioTests.release.xcconfig"; path = "Target Support Files/Pods-PortfolioTests/Pods-PortfolioTests.release.xcconfig"; sourceTree = "<group>"; };
		BE7F46D2B429510E712FB23D /* Pods-Portfolio-PortfolioUITests.release.xcconfig */ = {isa = PBXFileReference; includeInIndex = 1; lastKnownFileType = text.xcconfig; name = "Pods-Portfolio-PortfolioUITests.release.xcconfig"; path = "Target Support Files/Pods-Portfolio-PortfolioUITests/Pods-Portfolio-PortfolioUITests.release.xcconfig"; sourceTree = "<group>"; };
		D837901C46336E39E533C0C8 /* Pods_Portfolio.framework */ = {isa = PBXFileReference; explicitFileType = wrapper.framework; includeInIndex = 0; path = Pods_Portfolio.framework; sourceTree = BUILT_PRODUCTS_DIR; };
		D920CFF5349362EBAF01C024 /* Pods-Portfolio.release.xcconfig */ = {isa = PBXFileReference; includeInIndex = 1; lastKnownFileType = text.xcconfig; name = "Pods-Portfolio.release.xcconfig"; path = "Target Support Files/Pods-Portfolio/Pods-Portfolio.release.xcconfig"; sourceTree = "<group>"; };
		EA83785FAF54137A9752DBB6 /* Pods_PortfolioTests.framework */ = {isa = PBXFileReference; explicitFileType = wrapper.framework; includeInIndex = 0; path = Pods_PortfolioTests.framework; sourceTree = BUILT_PRODUCTS_DIR; };
		F4A0181D479AAB6EF7498FB0 /* Pods-Portfolio-PortfolioUITests.debug.xcconfig */ = {isa = PBXFileReference; includeInIndex = 1; lastKnownFileType = text.xcconfig; name = "Pods-Portfolio-PortfolioUITests.debug.xcconfig"; path = "Target Support Files/Pods-Portfolio-PortfolioUITests/Pods-Portfolio-PortfolioUITests.debug.xcconfig"; sourceTree = "<group>"; };
		F8A56DC62C53800B00111E08 /* Portfolio.app */ = {isa = PBXFileReference; explicitFileType = wrapper.application; includeInIndex = 0; path = Portfolio.app; sourceTree = BUILT_PRODUCTS_DIR; };
		F8A56DC92C53800B00111E08 /* AppDelegate.swift */ = {isa = PBXFileReference; lastKnownFileType = sourcecode.swift; path = AppDelegate.swift; sourceTree = "<group>"; };
		F8A56DCB2C53800B00111E08 /* SceneDelegate.swift */ = {isa = PBXFileReference; lastKnownFileType = sourcecode.swift; path = SceneDelegate.swift; sourceTree = "<group>"; };
		F8A56DCD2C53800B00111E08 /* CoinListViewController.swift */ = {isa = PBXFileReference; lastKnownFileType = sourcecode.swift; path = CoinListViewController.swift; sourceTree = "<group>"; };
		F8A56DD32C53800B00111E08 /* Portfolio.xcdatamodel */ = {isa = PBXFileReference; lastKnownFileType = wrapper.xcdatamodel; path = Portfolio.xcdatamodel; sourceTree = "<group>"; };
		F8A56DD52C53800C00111E08 /* Assets.xcassets */ = {isa = PBXFileReference; lastKnownFileType = folder.assetcatalog; path = Assets.xcassets; sourceTree = "<group>"; };
		F8A56DDA2C53800C00111E08 /* Info.plist */ = {isa = PBXFileReference; lastKnownFileType = text.plist.xml; path = Info.plist; sourceTree = "<group>"; };
		F8A56DDF2C53800C00111E08 /* PortfolioTests.xctest */ = {isa = PBXFileReference; explicitFileType = wrapper.cfbundle; includeInIndex = 0; path = PortfolioTests.xctest; sourceTree = BUILT_PRODUCTS_DIR; };
		F8A56DE32C53800C00111E08 /* PortfolioTests.swift */ = {isa = PBXFileReference; lastKnownFileType = sourcecode.swift; path = PortfolioTests.swift; sourceTree = "<group>"; };
		F8A56DE92C53800C00111E08 /* PortfolioUITests.xctest */ = {isa = PBXFileReference; explicitFileType = wrapper.cfbundle; includeInIndex = 0; path = PortfolioUITests.xctest; sourceTree = BUILT_PRODUCTS_DIR; };
		F8A56E212C5383D300111E08 /* CoinListItem.swift */ = {isa = PBXFileReference; lastKnownFileType = sourcecode.swift; path = CoinListItem.swift; sourceTree = "<group>"; };
		F8A56E232C53842B00111E08 /* CoinListUsecase.swift */ = {isa = PBXFileReference; lastKnownFileType = sourcecode.swift; path = CoinListUsecase.swift; sourceTree = "<group>"; };
		F8A56E272C53848700111E08 /* NetworkError.swift */ = {isa = PBXFileReference; lastKnownFileType = sourcecode.swift; path = NetworkError.swift; sourceTree = "<group>"; };
		F8A56E292C53849E00111E08 /* CoreDataError.swift */ = {isa = PBXFileReference; lastKnownFileType = sourcecode.swift; path = CoreDataError.swift; sourceTree = "<group>"; };
		F8A56E2C2C53850F00111E08 /* CoinListRepositoryProtocol.swift */ = {isa = PBXFileReference; lastKnownFileType = sourcecode.swift; path = CoinListRepositoryProtocol.swift; sourceTree = "<group>"; };
		F8A56E302C53857600111E08 /* NetworkManager.swift */ = {isa = PBXFileReference; lastKnownFileType = sourcecode.swift; path = NetworkManager.swift; sourceTree = "<group>"; };
		F8A56E322C53871500111E08 /* CoinListNetwork.swift */ = {isa = PBXFileReference; lastKnownFileType = sourcecode.swift; path = CoinListNetwork.swift; sourceTree = "<group>"; };
		F8A56E352C5387FC00111E08 /* CoinListRepository.swift */ = {isa = PBXFileReference; lastKnownFileType = sourcecode.swift; path = CoinListRepository.swift; sourceTree = "<group>"; };
		F8A56E382C53889900111E08 /* CoinListCoreData.swift */ = {isa = PBXFileReference; lastKnownFileType = sourcecode.swift; path = CoinListCoreData.swift; sourceTree = "<group>"; };
		F8A56E3A2C5388D600111E08 /* CoreDataManager.swift */ = {isa = PBXFileReference; lastKnownFileType = sourcecode.swift; path = CoreDataManager.swift; sourceTree = "<group>"; };
		F8CF378A2C53F3BB00233AAB /* CoinListViewModel.swift */ = {isa = PBXFileReference; lastKnownFileType = sourcecode.swift; path = CoinListViewModel.swift; sourceTree = "<group>"; };
		F8CF378D2C53F6F100233AAB /* SearchTextField.swift */ = {isa = PBXFileReference; lastKnownFileType = sourcecode.swift; path = SearchTextField.swift; sourceTree = "<group>"; };
		F8CF37B32C53FCE900233AAB /* NetworkResponse.swift */ = {isa = PBXFileReference; lastKnownFileType = sourcecode.swift; path = NetworkResponse.swift; sourceTree = "<group>"; };
		F8CF37B62C5401F500233AAB /* SortType.swift */ = {isa = PBXFileReference; lastKnownFileType = sourcecode.swift; path = SortType.swift; sourceTree = "<group>"; };
		F8CF37B82C54028C00233AAB /* TabButtonView.swift */ = {isa = PBXFileReference; lastKnownFileType = sourcecode.swift; path = TabButtonView.swift; sourceTree = "<group>"; };
/* End PBXFileReference section */

/* Begin PBXFrameworksBuildPhase section */
		F8A56DC32C53800B00111E08 /* Frameworks */ = {
			isa = PBXFrameworksBuildPhase;
			buildActionMask = 2147483647;
			files = (
				8AF73B5E03BC91E818103902 /* Pods_Portfolio.framework in Frameworks */,
			);
			runOnlyForDeploymentPostprocessing = 0;
		};
		F8A56DDC2C53800C00111E08 /* Frameworks */ = {
			isa = PBXFrameworksBuildPhase;
			buildActionMask = 2147483647;
			files = (
				0318FCBF803BCA8297DB0213 /* Pods_PortfolioTests.framework in Frameworks */,
			);
			runOnlyForDeploymentPostprocessing = 0;
		};
		F8A56DE62C53800C00111E08 /* Frameworks */ = {
			isa = PBXFrameworksBuildPhase;
			buildActionMask = 2147483647;
			files = (
				17504D4E5F946785218333A5 /* Pods_Portfolio_PortfolioUITests.framework in Frameworks */,
			);
			runOnlyForDeploymentPostprocessing = 0;
		};
/* End PBXFrameworksBuildPhase section */

/* Begin PBXGroup section */
		76055E6DBBD90BFACF6445CE /* Pods */ = {
			isa = PBXGroup;
			children = (
				6992EC77A47EF78A0030428D /* Pods-Portfolio.debug.xcconfig */,
				D920CFF5349362EBAF01C024 /* Pods-Portfolio.release.xcconfig */,
				F4A0181D479AAB6EF7498FB0 /* Pods-Portfolio-PortfolioUITests.debug.xcconfig */,
				BE7F46D2B429510E712FB23D /* Pods-Portfolio-PortfolioUITests.release.xcconfig */,
				917767681A69E1587C51BA98 /* Pods-PortfolioTests.debug.xcconfig */,
				B1BAF92744C3CD5CEB7492DB /* Pods-PortfolioTests.release.xcconfig */,
			);
			path = Pods;
			sourceTree = "<group>";
		};
		A67FE353651AB1EED64ABE0A /* Frameworks */ = {
			isa = PBXGroup;
			children = (
				D837901C46336E39E533C0C8 /* Pods_Portfolio.framework */,
				5CEC6CE77CB127AEA3F2E159 /* Pods_Portfolio_PortfolioUITests.framework */,
				EA83785FAF54137A9752DBB6 /* Pods_PortfolioTests.framework */,
			);
			name = Frameworks;
			sourceTree = "<group>";
		};
		F8A56DBD2C53800B00111E08 = {
			isa = PBXGroup;
			children = (
				F8A56DC82C53800B00111E08 /* Portfolio */,
				F8A56DE22C53800C00111E08 /* PortfolioTests */,
				F8A56DC72C53800B00111E08 /* Products */,
				76055E6DBBD90BFACF6445CE /* Pods */,
				A67FE353651AB1EED64ABE0A /* Frameworks */,
			);
			sourceTree = "<group>";
		};
		F8A56DC72C53800B00111E08 /* Products */ = {
			isa = PBXGroup;
			children = (
				F8A56DC62C53800B00111E08 /* Portfolio.app */,
				F8A56DDF2C53800C00111E08 /* PortfolioTests.xctest */,
				F8A56DE92C53800C00111E08 /* PortfolioUITests.xctest */,
			);
			name = Products;
			sourceTree = "<group>";
		};
		F8A56DC82C53800B00111E08 /* Portfolio */ = {
			isa = PBXGroup;
			children = (
				F8A56DC92C53800B00111E08 /* AppDelegate.swift */,
				F8A56DCB2C53800B00111E08 /* SceneDelegate.swift */,
				F8CF37892C53F3AE00233AAB /* Presentation */,
				F8A56E2E2C53855800111E08 /* Data */,
				F8A56E202C5383B200111E08 /* Domain */,
				F8A56DD52C53800C00111E08 /* Assets.xcassets */,
				F8A56DDA2C53800C00111E08 /* Info.plist */,
				F8A56DD22C53800B00111E08 /* Portfolio.xcdatamodeld */,
			);
			path = Portfolio;
			sourceTree = "<group>";
		};
		F8A56DE22C53800C00111E08 /* PortfolioTests */ = {
			isa = PBXGroup;
			children = (
				F8A56DE32C53800C00111E08 /* PortfolioTests.swift */,
			);
			path = PortfolioTests;
			sourceTree = "<group>";
		};
		F8A56E202C5383B200111E08 /* Domain */ = {
			isa = PBXGroup;
			children = (
				F8A56E2B2C5384EF00111E08 /* RepositoryProtocol */,
				F8A56E252C53847600111E08 /* Entity */,
				F8A56E262C53847D00111E08 /* Usecase */,
			);
			path = Domain;
			sourceTree = "<group>";
		};
		F8A56E252C53847600111E08 /* Entity */ = {
			isa = PBXGroup;
			children = (
				F8A56E212C5383D300111E08 /* CoinListItem.swift */,
				F8CF37B32C53FCE900233AAB /* NetworkResponse.swift */,
				F8CF37B62C5401F500233AAB /* SortType.swift */,
				F8A56E272C53848700111E08 /* NetworkError.swift */,
				F8A56E292C53849E00111E08 /* CoreDataError.swift */,
			);
			path = Entity;
			sourceTree = "<group>";
		};
		F8A56E262C53847D00111E08 /* Usecase */ = {
			isa = PBXGroup;
			children = (
				F8A56E232C53842B00111E08 /* CoinListUsecase.swift */,
			);
			path = Usecase;
			sourceTree = "<group>";
		};
		F8A56E2B2C5384EF00111E08 /* RepositoryProtocol */ = {
			isa = PBXGroup;
			children = (
				F8A56E2C2C53850F00111E08 /* CoinListRepositoryProtocol.swift */,
			);
			path = RepositoryProtocol;
			sourceTree = "<group>";
		};
		F8A56E2E2C53855800111E08 /* Data */ = {
			isa = PBXGroup;
			children = (
				F8A56E372C53889000111E08 /* CoreData */,
				F8A56E342C5387ED00111E08 /* Repository */,
				F8A56E2F2C53856C00111E08 /* Network */,
			);
			path = Data;
			sourceTree = "<group>";
		};
		F8A56E2F2C53856C00111E08 /* Network */ = {
			isa = PBXGroup;
			children = (
				F8A56E302C53857600111E08 /* NetworkManager.swift */,
				F8A56E322C53871500111E08 /* CoinListNetwork.swift */,
			);
			path = Network;
			sourceTree = "<group>";
		};
		F8A56E342C5387ED00111E08 /* Repository */ = {
			isa = PBXGroup;
			children = (
				F8A56E352C5387FC00111E08 /* CoinListRepository.swift */,
			);
			path = Repository;
			sourceTree = "<group>";
		};
		F8A56E372C53889000111E08 /* CoreData */ = {
			isa = PBXGroup;
			children = (
				F8A56E382C53889900111E08 /* CoinListCoreData.swift */,
				F8A56E3A2C5388D600111E08 /* CoreDataManager.swift */,
			);
			path = CoreData;
			sourceTree = "<group>";
		};
		F8CF37892C53F3AE00233AAB /* Presentation */ = {
			isa = PBXGroup;
			children = (
				F8A56DCD2C53800B00111E08 /* CoinListViewController.swift */,
				F8CF378A2C53F3BB00233AAB /* CoinListViewModel.swift */,
				F8CF378C2C53F6E400233AAB /* View */,
			);
			path = Presentation;
			sourceTree = "<group>";
		};
		F8CF378C2C53F6E400233AAB /* View */ = {
			isa = PBXGroup;
			children = (
				F8CF378D2C53F6F100233AAB /* SearchTextField.swift */,
				F8CF37B82C54028C00233AAB /* TabButtonView.swift */,
			);
			path = View;
			sourceTree = "<group>";
		};
/* End PBXGroup section */

/* Begin PBXNativeTarget section */
		F8A56DC52C53800B00111E08 /* Portfolio */ = {
			isa = PBXNativeTarget;
			buildConfigurationList = F8A56DF32C53800C00111E08 /* Build configuration list for PBXNativeTarget "Portfolio" */;
			buildPhases = (
				E7392C3AF919D164FA19253F /* [CP] Check Pods Manifest.lock */,
				F8A56DC22C53800B00111E08 /* Sources */,
				F8A56DC32C53800B00111E08 /* Frameworks */,
				F8A56DC42C53800B00111E08 /* Resources */,
				175C6583A810FEFEA6D8C0A3 /* [CP] Embed Pods Frameworks */,
			);
			buildRules = (
			);
			dependencies = (
			);
			name = Portfolio;
			productName = Portfolio;
			productReference = F8A56DC62C53800B00111E08 /* Portfolio.app */;
			productType = "com.apple.product-type.application";
		};
		F8A56DDE2C53800C00111E08 /* PortfolioTests */ = {
			isa = PBXNativeTarget;
			buildConfigurationList = F8A56DF62C53800C00111E08 /* Build configuration list for PBXNativeTarget "PortfolioTests" */;
			buildPhases = (
				0981A4FC3CA2CF91ED1BDD5D /* [CP] Check Pods Manifest.lock */,
				F8A56DDB2C53800C00111E08 /* Sources */,
				F8A56DDC2C53800C00111E08 /* Frameworks */,
				F8A56DDD2C53800C00111E08 /* Resources */,
			);
			buildRules = (
			);
			dependencies = (
				F8A56DE12C53800C00111E08 /* PBXTargetDependency */,
			);
			name = PortfolioTests;
			productName = PortfolioTests;
			productReference = F8A56DDF2C53800C00111E08 /* PortfolioTests.xctest */;
			productType = "com.apple.product-type.bundle.unit-test";
		};
		F8A56DE82C53800C00111E08 /* PortfolioUITests */ = {
			isa = PBXNativeTarget;
			buildConfigurationList = F8A56DF92C53800C00111E08 /* Build configuration list for PBXNativeTarget "PortfolioUITests" */;
			buildPhases = (
				A14F2BF4A4E2CC875A9328B9 /* [CP] Check Pods Manifest.lock */,
				F8A56DE52C53800C00111E08 /* Sources */,
				F8A56DE62C53800C00111E08 /* Frameworks */,
				F8A56DE72C53800C00111E08 /* Resources */,
				64E34CF1EE08ECCC745A3269 /* [CP] Embed Pods Frameworks */,
			);
			buildRules = (
			);
			dependencies = (
				F8A56DEB2C53800C00111E08 /* PBXTargetDependency */,
			);
			name = PortfolioUITests;
			productName = PortfolioUITests;
			productReference = F8A56DE92C53800C00111E08 /* PortfolioUITests.xctest */;
			productType = "com.apple.product-type.bundle.ui-testing";
		};
/* End PBXNativeTarget section */

/* Begin PBXProject section */
		F8A56DBE2C53800B00111E08 /* Project object */ = {
			isa = PBXProject;
			attributes = {
				BuildIndependentTargetsInParallel = 1;
				LastSwiftUpdateCheck = 1530;
				LastUpgradeCheck = 1530;
				TargetAttributes = {
					F8A56DC52C53800B00111E08 = {
						CreatedOnToolsVersion = 15.3;
					};
					F8A56DDE2C53800C00111E08 = {
						CreatedOnToolsVersion = 15.3;
						TestTargetID = F8A56DC52C53800B00111E08;
					};
					F8A56DE82C53800C00111E08 = {
						CreatedOnToolsVersion = 15.3;
						TestTargetID = F8A56DC52C53800B00111E08;
					};
				};
			};
			buildConfigurationList = F8A56DC12C53800B00111E08 /* Build configuration list for PBXProject "Portfolio" */;
			compatibilityVersion = "Xcode 14.0";
			developmentRegion = en;
			hasScannedForEncodings = 0;
			knownRegions = (
				en,
				Base,
			);
			mainGroup = F8A56DBD2C53800B00111E08;
			productRefGroup = F8A56DC72C53800B00111E08 /* Products */;
			projectDirPath = "";
			projectRoot = "";
			targets = (
				F8A56DC52C53800B00111E08 /* Portfolio */,
				F8A56DDE2C53800C00111E08 /* PortfolioTests */,
				F8A56DE82C53800C00111E08 /* PortfolioUITests */,
			);
		};
/* End PBXProject section */

/* Begin PBXResourcesBuildPhase section */
		F8A56DC42C53800B00111E08 /* Resources */ = {
			isa = PBXResourcesBuildPhase;
			buildActionMask = 2147483647;
			files = (
				F8A56DD62C53800C00111E08 /* Assets.xcassets in Resources */,
			);
			runOnlyForDeploymentPostprocessing = 0;
		};
		F8A56DDD2C53800C00111E08 /* Resources */ = {
			isa = PBXResourcesBuildPhase;
			buildActionMask = 2147483647;
			files = (
			);
			runOnlyForDeploymentPostprocessing = 0;
		};
		F8A56DE72C53800C00111E08 /* Resources */ = {
			isa = PBXResourcesBuildPhase;
			buildActionMask = 2147483647;
			files = (
			);
			runOnlyForDeploymentPostprocessing = 0;
		};
/* End PBXResourcesBuildPhase section */

/* Begin PBXShellScriptBuildPhase section */
		0981A4FC3CA2CF91ED1BDD5D /* [CP] Check Pods Manifest.lock */ = {
			isa = PBXShellScriptBuildPhase;
			buildActionMask = 2147483647;
			files = (
			);
			inputFileListPaths = (
			);
			inputPaths = (
				"${PODS_PODFILE_DIR_PATH}/Podfile.lock",
				"${PODS_ROOT}/Manifest.lock",
			);
			name = "[CP] Check Pods Manifest.lock";
			outputFileListPaths = (
			);
			outputPaths = (
				"$(DERIVED_FILE_DIR)/Pods-PortfolioTests-checkManifestLockResult.txt",
			);
			runOnlyForDeploymentPostprocessing = 0;
			shellPath = /bin/sh;
			shellScript = "diff \"${PODS_PODFILE_DIR_PATH}/Podfile.lock\" \"${PODS_ROOT}/Manifest.lock\" > /dev/null\nif [ $? != 0 ] ; then\n    # print error to STDERR\n    echo \"error: The sandbox is not in sync with the Podfile.lock. Run 'pod install' or update your CocoaPods installation.\" >&2\n    exit 1\nfi\n# This output is used by Xcode 'outputs' to avoid re-running this script phase.\necho \"SUCCESS\" > \"${SCRIPT_OUTPUT_FILE_0}\"\n";
			showEnvVarsInLog = 0;
		};
		175C6583A810FEFEA6D8C0A3 /* [CP] Embed Pods Frameworks */ = {
			isa = PBXShellScriptBuildPhase;
			buildActionMask = 2147483647;
			files = (
			);
			inputFileListPaths = (
				"${PODS_ROOT}/Target Support Files/Pods-Portfolio/Pods-Portfolio-frameworks-${CONFIGURATION}-input-files.xcfilelist",
			);
			name = "[CP] Embed Pods Frameworks";
			outputFileListPaths = (
				"${PODS_ROOT}/Target Support Files/Pods-Portfolio/Pods-Portfolio-frameworks-${CONFIGURATION}-output-files.xcfilelist",
			);
			runOnlyForDeploymentPostprocessing = 0;
			shellPath = /bin/sh;
			shellScript = "\"${PODS_ROOT}/Target Support Files/Pods-Portfolio/Pods-Portfolio-frameworks.sh\"\n";
			showEnvVarsInLog = 0;
		};
		64E34CF1EE08ECCC745A3269 /* [CP] Embed Pods Frameworks */ = {
			isa = PBXShellScriptBuildPhase;
			buildActionMask = 2147483647;
			files = (
			);
			inputFileListPaths = (
				"${PODS_ROOT}/Target Support Files/Pods-Portfolio-PortfolioUITests/Pods-Portfolio-PortfolioUITests-frameworks-${CONFIGURATION}-input-files.xcfilelist",
			);
			name = "[CP] Embed Pods Frameworks";
			outputFileListPaths = (
				"${PODS_ROOT}/Target Support Files/Pods-Portfolio-PortfolioUITests/Pods-Portfolio-PortfolioUITests-frameworks-${CONFIGURATION}-output-files.xcfilelist",
			);
			runOnlyForDeploymentPostprocessing = 0;
			shellPath = /bin/sh;
			shellScript = "\"${PODS_ROOT}/Target Support Files/Pods-Portfolio-PortfolioUITests/Pods-Portfolio-PortfolioUITests-frameworks.sh\"\n";
			showEnvVarsInLog = 0;
		};
		A14F2BF4A4E2CC875A9328B9 /* [CP] Check Pods Manifest.lock */ = {
			isa = PBXShellScriptBuildPhase;
			buildActionMask = 2147483647;
			files = (
			);
			inputFileListPaths = (
			);
			inputPaths = (
				"${PODS_PODFILE_DIR_PATH}/Podfile.lock",
				"${PODS_ROOT}/Manifest.lock",
			);
			name = "[CP] Check Pods Manifest.lock";
			outputFileListPaths = (
			);
			outputPaths = (
				"$(DERIVED_FILE_DIR)/Pods-Portfolio-PortfolioUITests-checkManifestLockResult.txt",
			);
			runOnlyForDeploymentPostprocessing = 0;
			shellPath = /bin/sh;
			shellScript = "diff \"${PODS_PODFILE_DIR_PATH}/Podfile.lock\" \"${PODS_ROOT}/Manifest.lock\" > /dev/null\nif [ $? != 0 ] ; then\n    # print error to STDERR\n    echo \"error: The sandbox is not in sync with the Podfile.lock. Run 'pod install' or update your CocoaPods installation.\" >&2\n    exit 1\nfi\n# This output is used by Xcode 'outputs' to avoid re-running this script phase.\necho \"SUCCESS\" > \"${SCRIPT_OUTPUT_FILE_0}\"\n";
			showEnvVarsInLog = 0;
		};
		E7392C3AF919D164FA19253F /* [CP] Check Pods Manifest.lock */ = {
			isa = PBXShellScriptBuildPhase;
			buildActionMask = 2147483647;
			files = (
			);
			inputFileListPaths = (
			);
			inputPaths = (
				"${PODS_PODFILE_DIR_PATH}/Podfile.lock",
				"${PODS_ROOT}/Manifest.lock",
			);
			name = "[CP] Check Pods Manifest.lock";
			outputFileListPaths = (
			);
			outputPaths = (
				"$(DERIVED_FILE_DIR)/Pods-Portfolio-checkManifestLockResult.txt",
			);
			runOnlyForDeploymentPostprocessing = 0;
			shellPath = /bin/sh;
			shellScript = "diff \"${PODS_PODFILE_DIR_PATH}/Podfile.lock\" \"${PODS_ROOT}/Manifest.lock\" > /dev/null\nif [ $? != 0 ] ; then\n    # print error to STDERR\n    echo \"error: The sandbox is not in sync with the Podfile.lock. Run 'pod install' or update your CocoaPods installation.\" >&2\n    exit 1\nfi\n# This output is used by Xcode 'outputs' to avoid re-running this script phase.\necho \"SUCCESS\" > \"${SCRIPT_OUTPUT_FILE_0}\"\n";
			showEnvVarsInLog = 0;
		};
/* End PBXShellScriptBuildPhase section */

/* Begin PBXSourcesBuildPhase section */
		F8A56DC22C53800B00111E08 /* Sources */ = {
			isa = PBXSourcesBuildPhase;
			buildActionMask = 2147483647;
			files = (
				F8A56E362C5387FC00111E08 /* CoinListRepository.swift in Sources */,
				F8A56DD42C53800B00111E08 /* Portfolio.xcdatamodeld in Sources */,
				F8A56E282C53848700111E08 /* NetworkError.swift in Sources */,
				F8A56E312C53857600111E08 /* NetworkManager.swift in Sources */,
				F8A56DCE2C53800B00111E08 /* CoinListViewController.swift in Sources */,
				F8A56E2D2C53850F00111E08 /* CoinListRepositoryProtocol.swift in Sources */,
				F8A56E2A2C53849E00111E08 /* CoreDataError.swift in Sources */,
				F8A56E242C53842B00111E08 /* CoinListUsecase.swift in Sources */,
				F8A56E332C53871500111E08 /* CoinListNetwork.swift in Sources */,
				F8CF378B2C53F3BB00233AAB /* CoinListViewModel.swift in Sources */,
				F8A56DCA2C53800B00111E08 /* AppDelegate.swift in Sources */,
				F8CF37B92C54028C00233AAB /* TabButtonView.swift in Sources */,
				F8A56E392C53889900111E08 /* CoinListCoreData.swift in Sources */,
				F8CF37B42C53FCE900233AAB /* NetworkResponse.swift in Sources */,
				F8CF37B72C5401F500233AAB /* SortType.swift in Sources */,
				F8A56DCC2C53800B00111E08 /* SceneDelegate.swift in Sources */,
				F8A56E3B2C5388D600111E08 /* CoreDataManager.swift in Sources */,
				F8A56E222C5383D300111E08 /* CoinListItem.swift in Sources */,
				F8CF378E2C53F6F100233AAB /* SearchTextField.swift in Sources */,
			);
			runOnlyForDeploymentPostprocessing = 0;
		};
		F8A56DDB2C53800C00111E08 /* Sources */ = {
			isa = PBXSourcesBuildPhase;
			buildActionMask = 2147483647;
			files = (
				F8A56DE42C53800C00111E08 /* PortfolioTests.swift in Sources */,
			);
			runOnlyForDeploymentPostprocessing = 0;
		};
		F8A56DE52C53800C00111E08 /* Sources */ = {
			isa = PBXSourcesBuildPhase;
			buildActionMask = 2147483647;
			files = (
			);
			runOnlyForDeploymentPostprocessing = 0;
		};
/* End PBXSourcesBuildPhase section */

/* Begin PBXTargetDependency section */
		F8A56DE12C53800C00111E08 /* PBXTargetDependency */ = {
			isa = PBXTargetDependency;
			target = F8A56DC52C53800B00111E08 /* Portfolio */;
			targetProxy = F8A56DE02C53800C00111E08 /* PBXContainerItemProxy */;
		};
		F8A56DEB2C53800C00111E08 /* PBXTargetDependency */ = {
			isa = PBXTargetDependency;
			target = F8A56DC52C53800B00111E08 /* Portfolio */;
			targetProxy = F8A56DEA2C53800C00111E08 /* PBXContainerItemProxy */;
		};
/* End PBXTargetDependency section */

/* Begin XCBuildConfiguration section */
		F8A56DF12C53800C00111E08 /* Debug */ = {
			isa = XCBuildConfiguration;
			buildSettings = {
				ALWAYS_SEARCH_USER_PATHS = NO;
				ASSETCATALOG_COMPILER_GENERATE_SWIFT_ASSET_SYMBOL_EXTENSIONS = YES;
				CLANG_ANALYZER_NONNULL = YES;
				CLANG_ANALYZER_NUMBER_OBJECT_CONVERSION = YES_AGGRESSIVE;
				CLANG_CXX_LANGUAGE_STANDARD = "gnu++20";
				CLANG_ENABLE_MODULES = YES;
				CLANG_ENABLE_OBJC_ARC = YES;
				CLANG_ENABLE_OBJC_WEAK = YES;
				CLANG_WARN_BLOCK_CAPTURE_AUTORELEASING = YES;
				CLANG_WARN_BOOL_CONVERSION = YES;
				CLANG_WARN_COMMA = YES;
				CLANG_WARN_CONSTANT_CONVERSION = YES;
				CLANG_WARN_DEPRECATED_OBJC_IMPLEMENTATIONS = YES;
				CLANG_WARN_DIRECT_OBJC_ISA_USAGE = YES_ERROR;
				CLANG_WARN_DOCUMENTATION_COMMENTS = YES;
				CLANG_WARN_EMPTY_BODY = YES;
				CLANG_WARN_ENUM_CONVERSION = YES;
				CLANG_WARN_INFINITE_RECURSION = YES;
				CLANG_WARN_INT_CONVERSION = YES;
				CLANG_WARN_NON_LITERAL_NULL_CONVERSION = YES;
				CLANG_WARN_OBJC_IMPLICIT_RETAIN_SELF = YES;
				CLANG_WARN_OBJC_LITERAL_CONVERSION = YES;
				CLANG_WARN_OBJC_ROOT_CLASS = YES_ERROR;
				CLANG_WARN_QUOTED_INCLUDE_IN_FRAMEWORK_HEADER = YES;
				CLANG_WARN_RANGE_LOOP_ANALYSIS = YES;
				CLANG_WARN_STRICT_PROTOTYPES = YES;
				CLANG_WARN_SUSPICIOUS_MOVE = YES;
				CLANG_WARN_UNGUARDED_AVAILABILITY = YES_AGGRESSIVE;
				CLANG_WARN_UNREACHABLE_CODE = YES;
				CLANG_WARN__DUPLICATE_METHOD_MATCH = YES;
				COPY_PHASE_STRIP = NO;
				DEBUG_INFORMATION_FORMAT = dwarf;
				ENABLE_STRICT_OBJC_MSGSEND = YES;
				ENABLE_TESTABILITY = YES;
				ENABLE_USER_SCRIPT_SANDBOXING = YES;
				GCC_C_LANGUAGE_STANDARD = gnu17;
				GCC_DYNAMIC_NO_PIC = NO;
				GCC_NO_COMMON_BLOCKS = YES;
				GCC_OPTIMIZATION_LEVEL = 0;
				GCC_PREPROCESSOR_DEFINITIONS = (
					"DEBUG=1",
					"$(inherited)",
				);
				GCC_WARN_64_TO_32_BIT_CONVERSION = YES;
				GCC_WARN_ABOUT_RETURN_TYPE = YES_ERROR;
				GCC_WARN_UNDECLARED_SELECTOR = YES;
				GCC_WARN_UNINITIALIZED_AUTOS = YES_AGGRESSIVE;
				GCC_WARN_UNUSED_FUNCTION = YES;
				GCC_WARN_UNUSED_VARIABLE = YES;
				IPHONEOS_DEPLOYMENT_TARGET = 15.0;
				LOCALIZATION_PREFERS_STRING_CATALOGS = YES;
				MTL_ENABLE_DEBUG_INFO = INCLUDE_SOURCE;
				MTL_FAST_MATH = YES;
				ONLY_ACTIVE_ARCH = YES;
				SDKROOT = iphoneos;
				SWIFT_ACTIVE_COMPILATION_CONDITIONS = "DEBUG $(inherited)";
				SWIFT_OPTIMIZATION_LEVEL = "-Onone";
			};
			name = Debug;
		};
		F8A56DF22C53800C00111E08 /* Release */ = {
			isa = XCBuildConfiguration;
			buildSettings = {
				ALWAYS_SEARCH_USER_PATHS = NO;
				ASSETCATALOG_COMPILER_GENERATE_SWIFT_ASSET_SYMBOL_EXTENSIONS = YES;
				CLANG_ANALYZER_NONNULL = YES;
				CLANG_ANALYZER_NUMBER_OBJECT_CONVERSION = YES_AGGRESSIVE;
				CLANG_CXX_LANGUAGE_STANDARD = "gnu++20";
				CLANG_ENABLE_MODULES = YES;
				CLANG_ENABLE_OBJC_ARC = YES;
				CLANG_ENABLE_OBJC_WEAK = YES;
				CLANG_WARN_BLOCK_CAPTURE_AUTORELEASING = YES;
				CLANG_WARN_BOOL_CONVERSION = YES;
				CLANG_WARN_COMMA = YES;
				CLANG_WARN_CONSTANT_CONVERSION = YES;
				CLANG_WARN_DEPRECATED_OBJC_IMPLEMENTATIONS = YES;
				CLANG_WARN_DIRECT_OBJC_ISA_USAGE = YES_ERROR;
				CLANG_WARN_DOCUMENTATION_COMMENTS = YES;
				CLANG_WARN_EMPTY_BODY = YES;
				CLANG_WARN_ENUM_CONVERSION = YES;
				CLANG_WARN_INFINITE_RECURSION = YES;
				CLANG_WARN_INT_CONVERSION = YES;
				CLANG_WARN_NON_LITERAL_NULL_CONVERSION = YES;
				CLANG_WARN_OBJC_IMPLICIT_RETAIN_SELF = YES;
				CLANG_WARN_OBJC_LITERAL_CONVERSION = YES;
				CLANG_WARN_OBJC_ROOT_CLASS = YES_ERROR;
				CLANG_WARN_QUOTED_INCLUDE_IN_FRAMEWORK_HEADER = YES;
				CLANG_WARN_RANGE_LOOP_ANALYSIS = YES;
				CLANG_WARN_STRICT_PROTOTYPES = YES;
				CLANG_WARN_SUSPICIOUS_MOVE = YES;
				CLANG_WARN_UNGUARDED_AVAILABILITY = YES_AGGRESSIVE;
				CLANG_WARN_UNREACHABLE_CODE = YES;
				CLANG_WARN__DUPLICATE_METHOD_MATCH = YES;
				COPY_PHASE_STRIP = NO;
				DEBUG_INFORMATION_FORMAT = "dwarf-with-dsym";
				ENABLE_NS_ASSERTIONS = NO;
				ENABLE_STRICT_OBJC_MSGSEND = YES;
				ENABLE_USER_SCRIPT_SANDBOXING = YES;
				GCC_C_LANGUAGE_STANDARD = gnu17;
				GCC_NO_COMMON_BLOCKS = YES;
				GCC_WARN_64_TO_32_BIT_CONVERSION = YES;
				GCC_WARN_ABOUT_RETURN_TYPE = YES_ERROR;
				GCC_WARN_UNDECLARED_SELECTOR = YES;
				GCC_WARN_UNINITIALIZED_AUTOS = YES_AGGRESSIVE;
				GCC_WARN_UNUSED_FUNCTION = YES;
				GCC_WARN_UNUSED_VARIABLE = YES;
				IPHONEOS_DEPLOYMENT_TARGET = 15.0;
				LOCALIZATION_PREFERS_STRING_CATALOGS = YES;
				MTL_ENABLE_DEBUG_INFO = NO;
				MTL_FAST_MATH = YES;
				SDKROOT = iphoneos;
				SWIFT_COMPILATION_MODE = wholemodule;
				VALIDATE_PRODUCT = YES;
			};
			name = Release;
		};
		F8A56DF42C53800C00111E08 /* Debug */ = {
			isa = XCBuildConfiguration;
			baseConfigurationReference = 6992EC77A47EF78A0030428D /* Pods-Portfolio.debug.xcconfig */;
			buildSettings = {
				ASSETCATALOG_COMPILER_APPICON_NAME = AppIcon;
				ASSETCATALOG_COMPILER_GLOBAL_ACCENT_COLOR_NAME = AccentColor;
				CODE_SIGN_STYLE = Automatic;
				CURRENT_PROJECT_VERSION = 1;
				DEVELOPMENT_TEAM = L3B9L4FDBB;
				ENABLE_USER_SCRIPT_SANDBOXING = NO;
				GENERATE_INFOPLIST_FILE = YES;
				INFOPLIST_FILE = Portfolio/Info.plist;
				INFOPLIST_KEY_UIApplicationSupportsIndirectInputEvents = YES;
				INFOPLIST_KEY_UILaunchStoryboardName = LaunchScreen;
				INFOPLIST_KEY_UISupportedInterfaceOrientations_iPad = "UIInterfaceOrientationPortrait UIInterfaceOrientationPortraitUpsideDown UIInterfaceOrientationLandscapeLeft UIInterfaceOrientationLandscapeRight";
				INFOPLIST_KEY_UISupportedInterfaceOrientations_iPhone = "UIInterfaceOrientationPortrait UIInterfaceOrientationLandscapeLeft UIInterfaceOrientationLandscapeRight";
				LD_RUNPATH_SEARCH_PATHS = (
					"$(inherited)",
					"@executable_path/Frameworks",
				);
				MARKETING_VERSION = 1.0;
				PRODUCT_BUNDLE_IDENTIFIER = inc.paytalab.Portfolio;
				PRODUCT_NAME = "$(TARGET_NAME)";
				SWIFT_EMIT_LOC_STRINGS = YES;
				SWIFT_VERSION = 5.0;
				TARGETED_DEVICE_FAMILY = "1,2";
			};
			name = Debug;
		};
		F8A56DF52C53800C00111E08 /* Release */ = {
			isa = XCBuildConfiguration;
			baseConfigurationReference = D920CFF5349362EBAF01C024 /* Pods-Portfolio.release.xcconfig */;
			buildSettings = {
				ASSETCATALOG_COMPILER_APPICON_NAME = AppIcon;
				ASSETCATALOG_COMPILER_GLOBAL_ACCENT_COLOR_NAME = AccentColor;
				CODE_SIGN_STYLE = Automatic;
				CURRENT_PROJECT_VERSION = 1;
				DEVELOPMENT_TEAM = L3B9L4FDBB;
				ENABLE_USER_SCRIPT_SANDBOXING = NO;
				GENERATE_INFOPLIST_FILE = YES;
				INFOPLIST_FILE = Portfolio/Info.plist;
				INFOPLIST_KEY_UIApplicationSupportsIndirectInputEvents = YES;
				INFOPLIST_KEY_UILaunchStoryboardName = LaunchScreen;
				INFOPLIST_KEY_UISupportedInterfaceOrientations_iPad = "UIInterfaceOrientationPortrait UIInterfaceOrientationPortraitUpsideDown UIInterfaceOrientationLandscapeLeft UIInterfaceOrientationLandscapeRight";
				INFOPLIST_KEY_UISupportedInterfaceOrientations_iPhone = "UIInterfaceOrientationPortrait UIInterfaceOrientationLandscapeLeft UIInterfaceOrientationLandscapeRight";
				LD_RUNPATH_SEARCH_PATHS = (
					"$(inherited)",
					"@executable_path/Frameworks",
				);
				MARKETING_VERSION = 1.0;
				PRODUCT_BUNDLE_IDENTIFIER = inc.paytalab.Portfolio;
				PRODUCT_NAME = "$(TARGET_NAME)";
				SWIFT_EMIT_LOC_STRINGS = YES;
				SWIFT_VERSION = 5.0;
				TARGETED_DEVICE_FAMILY = "1,2";
			};
			name = Release;
		};
		F8A56DF72C53800C00111E08 /* Debug */ = {
			isa = XCBuildConfiguration;
			baseConfigurationReference = 917767681A69E1587C51BA98 /* Pods-PortfolioTests.debug.xcconfig */;
			buildSettings = {
				ALWAYS_EMBED_SWIFT_STANDARD_LIBRARIES = YES;
				BUNDLE_LOADER = "$(TEST_HOST)";
				CODE_SIGN_STYLE = Automatic;
				CURRENT_PROJECT_VERSION = 1;
				DEVELOPMENT_TEAM = L3B9L4FDBB;
				GENERATE_INFOPLIST_FILE = YES;
				IPHONEOS_DEPLOYMENT_TARGET = 17.4;
				MARKETING_VERSION = 1.0;
				PRODUCT_BUNDLE_IDENTIFIER = inc.paytalab.PortfolioTests;
				PRODUCT_NAME = "$(TARGET_NAME)";
				SWIFT_EMIT_LOC_STRINGS = NO;
				SWIFT_VERSION = 5.0;
				TARGETED_DEVICE_FAMILY = "1,2";
				TEST_HOST = "$(BUILT_PRODUCTS_DIR)/Portfolio.app/$(BUNDLE_EXECUTABLE_FOLDER_PATH)/Portfolio";
			};
			name = Debug;
		};
		F8A56DF82C53800C00111E08 /* Release */ = {
			isa = XCBuildConfiguration;
			baseConfigurationReference = B1BAF92744C3CD5CEB7492DB /* Pods-PortfolioTests.release.xcconfig */;
			buildSettings = {
				ALWAYS_EMBED_SWIFT_STANDARD_LIBRARIES = YES;
				BUNDLE_LOADER = "$(TEST_HOST)";
				CODE_SIGN_STYLE = Automatic;
				CURRENT_PROJECT_VERSION = 1;
				DEVELOPMENT_TEAM = L3B9L4FDBB;
				GENERATE_INFOPLIST_FILE = YES;
				IPHONEOS_DEPLOYMENT_TARGET = 17.4;
				MARKETING_VERSION = 1.0;
				PRODUCT_BUNDLE_IDENTIFIER = inc.paytalab.PortfolioTests;
				PRODUCT_NAME = "$(TARGET_NAME)";
				SWIFT_EMIT_LOC_STRINGS = NO;
				SWIFT_VERSION = 5.0;
				TARGETED_DEVICE_FAMILY = "1,2";
				TEST_HOST = "$(BUILT_PRODUCTS_DIR)/Portfolio.app/$(BUNDLE_EXECUTABLE_FOLDER_PATH)/Portfolio";
			};
			name = Release;
		};
		F8A56DFA2C53800C00111E08 /* Debug */ = {
			isa = XCBuildConfiguration;
			baseConfigurationReference = F4A0181D479AAB6EF7498FB0 /* Pods-Portfolio-PortfolioUITests.debug.xcconfig */;
			buildSettings = {
				ALWAYS_EMBED_SWIFT_STANDARD_LIBRARIES = YES;
				CODE_SIGN_STYLE = Automatic;
				CURRENT_PROJECT_VERSION = 1;
				DEVELOPMENT_TEAM = L3B9L4FDBB;
				GENERATE_INFOPLIST_FILE = YES;
				MARKETING_VERSION = 1.0;
				PRODUCT_BUNDLE_IDENTIFIER = inc.paytalab.PortfolioUITests;
				PRODUCT_NAME = "$(TARGET_NAME)";
				SWIFT_EMIT_LOC_STRINGS = NO;
				SWIFT_VERSION = 5.0;
				TARGETED_DEVICE_FAMILY = "1,2";
				TEST_TARGET_NAME = Portfolio;
			};
			name = Debug;
		};
		F8A56DFB2C53800C00111E08 /* Release */ = {
			isa = XCBuildConfiguration;
			baseConfigurationReference = BE7F46D2B429510E712FB23D /* Pods-Portfolio-PortfolioUITests.release.xcconfig */;
			buildSettings = {
				ALWAYS_EMBED_SWIFT_STANDARD_LIBRARIES = YES;
				CODE_SIGN_STYLE = Automatic;
				CURRENT_PROJECT_VERSION = 1;
				DEVELOPMENT_TEAM = L3B9L4FDBB;
				GENERATE_INFOPLIST_FILE = YES;
				MARKETING_VERSION = 1.0;
				PRODUCT_BUNDLE_IDENTIFIER = inc.paytalab.PortfolioUITests;
				PRODUCT_NAME = "$(TARGET_NAME)";
				SWIFT_EMIT_LOC_STRINGS = NO;
				SWIFT_VERSION = 5.0;
				TARGETED_DEVICE_FAMILY = "1,2";
				TEST_TARGET_NAME = Portfolio;
			};
			name = Release;
		};
/* End XCBuildConfiguration section */

/* Begin XCConfigurationList section */
		F8A56DC12C53800B00111E08 /* Build configuration list for PBXProject "Portfolio" */ = {
			isa = XCConfigurationList;
			buildConfigurations = (
				F8A56DF12C53800C00111E08 /* Debug */,
				F8A56DF22C53800C00111E08 /* Release */,
			);
			defaultConfigurationIsVisible = 0;
			defaultConfigurationName = Release;
		};
		F8A56DF32C53800C00111E08 /* Build configuration list for PBXNativeTarget "Portfolio" */ = {
			isa = XCConfigurationList;
			buildConfigurations = (
				F8A56DF42C53800C00111E08 /* Debug */,
				F8A56DF52C53800C00111E08 /* Release */,
			);
			defaultConfigurationIsVisible = 0;
			defaultConfigurationName = Release;
		};
		F8A56DF62C53800C00111E08 /* Build configuration list for PBXNativeTarget "PortfolioTests" */ = {
			isa = XCConfigurationList;
			buildConfigurations = (
				F8A56DF72C53800C00111E08 /* Debug */,
				F8A56DF82C53800C00111E08 /* Release */,
			);
			defaultConfigurationIsVisible = 0;
			defaultConfigurationName = Release;
		};
		F8A56DF92C53800C00111E08 /* Build configuration list for PBXNativeTarget "PortfolioUITests" */ = {
			isa = XCConfigurationList;
			buildConfigurations = (
				F8A56DFA2C53800C00111E08 /* Debug */,
				F8A56DFB2C53800C00111E08 /* Release */,
			);
			defaultConfigurationIsVisible = 0;
			defaultConfigurationName = Release;
		};
/* End XCConfigurationList section */

/* Begin XCVersionGroup section */
		F8A56DD22C53800B00111E08 /* Portfolio.xcdatamodeld */ = {
			isa = XCVersionGroup;
			children = (
				F8A56DD32C53800B00111E08 /* Portfolio.xcdatamodel */,
			);
			currentVersion = F8A56DD32C53800B00111E08 /* Portfolio.xcdatamodel */;
			path = Portfolio.xcdatamodeld;
			sourceTree = "<group>";
			versionGroupType = wrapper.xcdatamodel;
		};
/* End XCVersionGroup section */
	};
	rootObject = F8A56DBE2C53800B00111E08 /* Project object */;
}
